
Microsoft Visual Studio Solution File, Format Version 12.00
# Visual Studio Version 17
VisualStudioVersion = 17.7.34031.279
MinimumVisualStudioVersion = 10.0.40219.1
Project("{FAE04EC0-301F-11D3-BF4B-00C04F79EFBC}") = "Calculator", "Calculator\Calculator.csproj", "{F5555A2B-5162-4050-B81B-C15158C8930D}"
EndProject
Global
	GlobalSection(SolutionConfigurationPlatforms) = preSolution
		Debug|Any CPU = Debug|Any CPU
		Release|Any CPU = Release|Any CPU
	EndGlobalSection
	GlobalSection(ProjectConfigurationPlatforms) = postSolution
		{F5555A2B-5162-4050-B81B-C15158C8930D}.Debug|Any CPU.ActiveCfg = Debug|Any CPU
		{F5555A2B-5162-4050-B81B-C15158C8930D}.Debug|Any CPU.Build.0 = Debug|Any CPU
		{F5555A2B-5162-4050-B81B-C15158C8930D}.Release|Any CPU.ActiveCfg = Release|Any CPU
		{F5555A2B-5162-4050-B81B-C15158C8930D}.Release|Any CPU.Build.0 = Release|Any CPU
	EndGlobalSection
	GlobalSection(SolutionProperties) = preSolution
		HideSolutionNode = FALSE
	EndGlobalSection
	GlobalSection(ExtensibilityGlobals) = postSolution
		SolutionGuid = {6C217B67-9A3D-4CA4-BA27-804986E03537}
	EndGlobalSection
EndGlobal
